
Microsoft Visual Studio Solution File, Format Version 12.00
# Visual Studio Version 17
VisualStudioVersion = 17.7.34031.279
MinimumVisualStudioVersion = 10.0.40219.1
Project("{FAE04EC0-301F-11D3-BF4B-00C04F79EFBC}") = "ex1f", "ex1f\ex1f.csproj", "{D11F7C14-9F28-41BB-A06A-535219389080}"
EndProject
Global
	GlobalSection(SolutionConfigurationPlatforms) = preSolution
		Debug|Any CPU = Debug|Any CPU
		Release|Any CPU = Release|Any CPU
	EndGlobalSection
	GlobalSection(ProjectConfigurationPlatforms) = postSolution
		{D11F7C14-9F28-41BB-A06A-535219389080}.Debug|Any CPU.ActiveCfg = Debug|Any CPU
		{D11F7C14-9F28-41BB-A06A-535219389080}.Debug|Any CPU.Build.0 = Debug|Any CPU
		{D11F7C14-9F28-41BB-A06A-535219389080}.Release|Any CPU.ActiveCfg = Release|Any CPU
		{D11F7C14-9F28-41BB-A06A-535219389080}.Release|Any CPU.Build.0 = Release|Any CPU
	EndGlobalSection
	GlobalSection(SolutionProperties) = preSolution
		HideSolutionNode = FALSE
	EndGlobalSection
	GlobalSection(ExtensibilityGlobals) = postSolution
		SolutionGuid = {59EA859E-D25F-4791-9406-349F5BEC768B}
	EndGlobalSection
EndGlobal
